// !$*UTF8*$!
{
	archiveVersion = 1;
	classes = {
	};
	objectVersion = 46;
	objects = {

/* Begin PBXBuildFile section */
		C2EA26EF1BFCA428005538F8 /* main.m in Sources */ = {isa = PBXBuildFile; fileRef = C2EA26EE1BFCA428005538F8 /* main.m */; };
		C2EA26F21BFCA428005538F8 /* AppDelegate.m in Sources */ = {isa = PBXBuildFile; fileRef = C2EA26F11BFCA428005538F8 /* AppDelegate.m */; };
		C2EA26F51BFCA428005538F8 /* ViewController.m in Sources */ = {isa = PBXBuildFile; fileRef = C2EA26F41BFCA428005538F8 /* ViewController.m */; };
		C2EA26F81BFCA428005538F8 /* Main.storyboard in Resources */ = {isa = PBXBuildFile; fileRef = C2EA26F61BFCA428005538F8 /* Main.storyboard */; };
		C2EA26FB1BFCA428005538F8 /* Weico_711118.xcdatamodeld in Sources */ = {isa = PBXBuildFile; fileRef = C2EA26F91BFCA428005538F8 /* Weico_711118.xcdatamodeld */; };
		C2EA26FD1BFCA428005538F8 /* Assets.xcassets in Resources */ = {isa = PBXBuildFile; fileRef = C2EA26FC1BFCA428005538F8 /* Assets.xcassets */; };
		C2EA27001BFCA428005538F8 /* LaunchScreen.storyboard in Resources */ = {isa = PBXBuildFile; fileRef = C2EA26FE1BFCA428005538F8 /* LaunchScreen.storyboard */; };
		C2EA270B1BFCA428005538F8 /* Weico_711118Tests.m in Sources */ = {isa = PBXBuildFile; fileRef = C2EA270A1BFCA428005538F8 /* Weico_711118Tests.m */; };
		C2EA27161BFCA428005538F8 /* Weico_711118UITests.m in Sources */ = {isa = PBXBuildFile; fileRef = C2EA27151BFCA428005538F8 /* Weico_711118UITests.m */; };
/* End PBXBuildFile section */

/* Begin PBXContainerItemProxy section */
		C2EA27071BFCA428005538F8 /* PBXContainerItemProxy */ = {
			isa = PBXContainerItemProxy;
			containerPortal = C2EA26E21BFCA427005538F8 /* Project object */;
			proxyType = 1;
			remoteGlobalIDString = C2EA26E91BFCA427005538F8;
			remoteInfo = Weico_711118;
		};
		C2EA27121BFCA428005538F8 /* PBXContainerItemProxy */ = {
			isa = PBXContainerItemProxy;
			containerPortal = C2EA26E21BFCA427005538F8 /* Project object */;
			proxyType = 1;
			remoteGlobalIDString = C2EA26E91BFCA427005538F8;
			remoteInfo = Weico_711118;
		};
/* End PBXContainerItemProxy section */

/* Begin PBXFileReference section */
		C2EA26EA1BFCA428005538F8 /* Weico_711118.app */ = {isa = PBXFileReference; explicitFileType = wrapper.application; includeInIndex = 0; path = Weico_711118.app; sourceTree = BUILT_PRODUCTS_DIR; };
		C2EA26EE1BFCA428005538F8 /* main.m */ = {isa = PBXFileReference; lastKnownFileType = sourcecode.c.objc; path = main.m; sourceTree = "<group>"; };
		C2EA26F01BFCA428005538F8 /* AppDelegate.h */ = {isa = PBXFileReference; lastKnownFileType = sourcecode.c.h; path = AppDelegate.h; sourceTree = "<group>"; };
		C2EA26F11BFCA428005538F8 /* AppDelegate.m */ = {isa = PBXFileReference; lastKnownFileType = sourcecode.c.objc; path = AppDelegate.m; sourceTree = "<group>"; };
		C2EA26F31BFCA428005538F8 /* ViewController.h */ = {isa = PBXFileReference; lastKnownFileType = sourcecode.c.h; path = ViewController.h; sourceTree = "<group>"; };
		C2EA26F41BFCA428005538F8 /* ViewController.m */ = {isa = PBXFileReference; lastKnownFileType = sourcecode.c.objc; path = ViewController.m; sourceTree = "<group>"; };
		C2EA26F71BFCA428005538F8 /* Base */ = {isa = PBXFileReference; lastKnownFileType = file.storyboard; name = Base; path = Base.lproj/Main.storyboard; sourceTree = "<group>"; };
		C2EA26FA1BFCA428005538F8 /* Weico_711118.xcdatamodel */ = {isa = PBXFileReference; lastKnownFileType = wrapper.xcdatamodel; path = Weico_711118.xcdatamodel; sourceTree = "<group>"; };
		C2EA26FC1BFCA428005538F8 /* Assets.xcassets */ = {isa = PBXFileReference; lastKnownFileType = folder.assetcatalog; path = Assets.xcassets; sourceTree = "<group>"; };
		C2EA26FF1BFCA428005538F8 /* Base */ = {isa = PBXFileReference; lastKnownFileType = file.storyboard; name = Base; path = Base.lproj/LaunchScreen.storyboard; sourceTree = "<group>"; };
		C2EA27011BFCA428005538F8 /* Info.plist */ = {isa = PBXFileReference; lastKnownFileType = text.plist.xml; path = Info.plist; sourceTree = "<group>"; };
		C2EA27061BFCA428005538F8 /* Weico_711118Tests.xctest */ = {isa = PBXFileReference; explicitFileType = wrapper.cfbundle; includeInIndex = 0; path = Weico_711118Tests.xctest; sourceTree = BUILT_PRODUCTS_DIR; };
		C2EA270A1BFCA428005538F8 /* Weico_711118Tests.m */ = {isa = PBXFileReference; lastKnownFileType = sourcecode.c.objc; path = Weico_711118Tests.m; sourceTree = "<group>"; };
		C2EA270C1BFCA428005538F8 /* Info.plist */ = {isa = PBXFileReference; lastKnownFileType = text.plist.xml; path = Info.plist; sourceTree = "<group>"; };
		C2EA27111BFCA428005538F8 /* Weico_711118UITests.xctest */ = {isa = PBXFileReference; explicitFileType = wrapper.cfbundle; includeInIndex = 0; path = Weico_711118UITests.xctest; sourceTree = BUILT_PRODUCTS_DIR; };
		C2EA27151BFCA428005538F8 /* Weico_711118UITests.m */ = {isa = PBXFileReference; lastKnownFileType = sourcecode.c.objc; path = Weico_711118UITests.m; sourceTree = "<group>"; };
		C2EA27171BFCA428005538F8 /* Info.plist */ = {isa = PBXFileReference; lastKnownFileType = text.plist.xml; path = Info.plist; sourceTree = "<group>"; };
/* End PBXFileReference section */

/* Begin PBXFrameworksBuildPhase section */
		C2EA26E71BFCA427005538F8 /* Frameworks */ = {
			isa = PBXFrameworksBuildPhase;
			buildActionMask = 2147483647;
			files = (
			);
			runOnlyForDeploymentPostprocessing = 0;
		};
		C2EA27031BFCA428005538F8 /* Frameworks */ = {
			isa = PBXFrameworksBuildPhase;
			buildActionMask = 2147483647;
			files = (
			);
			runOnlyForDeploymentPostprocessing = 0;
		};
		C2EA270E1BFCA428005538F8 /* Frameworks */ = {
			isa = PBXFrameworksBuildPhase;
			buildActionMask = 2147483647;
			files = (
			);
			runOnlyForDeploymentPostprocessing = 0;
		};
/* End PBXFrameworksBuildPhase section */

/* Begin PBXGroup section */
		C2EA26E11BFCA427005538F8 = {
			isa = PBXGroup;
			children = (
				C2EA26EC1BFCA428005538F8 /* Weico_711118 */,
				C2EA27091BFCA428005538F8 /* Weico_711118Tests */,
				C2EA27141BFCA428005538F8 /* Weico_711118UITests */,
				C2EA26EB1BFCA428005538F8 /* Products */,
			);
			sourceTree = "<group>";
		};
		C2EA26EB1BFCA428005538F8 /* Products */ = {
			isa = PBXGroup;
			children = (
				C2EA26EA1BFCA428005538F8 /* Weico_711118.app */,
				C2EA27061BFCA428005538F8 /* Weico_711118Tests.xctest */,
				C2EA27111BFCA428005538F8 /* Weico_711118UITests.xctest */,
			);
			name = Products;
			sourceTree = "<group>";
		};
		C2EA26EC1BFCA428005538F8 /* Weico_711118 */ = {
			isa = PBXGroup;
			children = (
				C2EA26F01BFCA428005538F8 /* AppDelegate.h */,
				C2EA26F11BFCA428005538F8 /* AppDelegate.m */,
				C2EA26F31BFCA428005538F8 /* ViewController.h */,
				C2EA26F41BFCA428005538F8 /* ViewController.m */,
				C2EA26F61BFCA428005538F8 /* Main.storyboard */,
				C2EA26FC1BFCA428005538F8 /* Assets.xcassets */,
				C2EA26FE1BFCA428005538F8 /* LaunchScreen.storyboard */,
				C2EA27011BFCA428005538F8 /* Info.plist */,
				C2EA26F91BFCA428005538F8 /* Weico_711118.xcdatamodeld */,
				C2EA26ED1BFCA428005538F8 /* Supporting Files */,
			);
			path = Weico_711118;
			sourceTree = "<group>";
		};
		C2EA26ED1BFCA428005538F8 /* Supporting Files */ = {
			isa = PBXGroup;
			children = (
				C2EA26EE1BFCA428005538F8 /* main.m */,
			);
			name = "Supporting Files";
			sourceTree = "<group>";
		};
		C2EA27091BFCA428005538F8 /* Weico_711118Tests */ = {
			isa = PBXGroup;
			children = (
				C2EA270A1BFCA428005538F8 /* Weico_711118Tests.m */,
				C2EA270C1BFCA428005538F8 /* Info.plist */,
			);
			path = Weico_711118Tests;
			sourceTree = "<group>";
		};
		C2EA27141BFCA428005538F8 /* Weico_711118UITests */ = {
			isa = PBXGroup;
			children = (
				C2EA27151BFCA428005538F8 /* Weico_711118UITests.m */,
				C2EA27171BFCA428005538F8 /* Info.plist */,
			);
			path = Weico_711118UITests;
			sourceTree = "<group>";
		};
/* End PBXGroup section */

/* Begin PBXNativeTarget section */
		C2EA26E91BFCA427005538F8 /* Weico_711118 */ = {
			isa = PBXNativeTarget;
			buildConfigurationList = C2EA271A1BFCA428005538F8 /* Build configuration list for PBXNativeTarget "Weico_711118" */;
			buildPhases = (
				C2EA26E61BFCA427005538F8 /* Sources */,
				C2EA26E71BFCA427005538F8 /* Frameworks */,
				C2EA26E81BFCA427005538F8 /* Resources */,
			);
			buildRules = (
			);
			dependencies = (
			);
			name = Weico_711118;
			productName = Weico_711118;
			productReference = C2EA26EA1BFCA428005538F8 /* Weico_711118.app */;
			productType = "com.apple.product-type.application";
		};
		C2EA27051BFCA428005538F8 /* Weico_711118Tests */ = {
			isa = PBXNativeTarget;
			buildConfigurationList = C2EA271D1BFCA428005538F8 /* Build configuration list for PBXNativeTarget "Weico_711118Tests" */;
			buildPhases = (
				C2EA27021BFCA428005538F8 /* Sources */,
				C2EA27031BFCA428005538F8 /* Frameworks */,
				C2EA27041BFCA428005538F8 /* Resources */,
			);
			buildRules = (
			);
			dependencies = (
				C2EA27081BFCA428005538F8 /* PBXTargetDependency */,
			);
			name = Weico_711118Tests;
			productName = Weico_711118Tests;
			productReference = C2EA27061BFCA428005538F8 /* Weico_711118Tests.xctest */;
			productType = "com.apple.product-type.bundle.unit-test";
		};
		C2EA27101BFCA428005538F8 /* Weico_711118UITests */ = {
			isa = PBXNativeTarget;
			buildConfigurationList = C2EA27201BFCA428005538F8 /* Build configuration list for PBXNativeTarget "Weico_711118UITests" */;
			buildPhases = (
				C2EA270D1BFCA428005538F8 /* Sources */,
				C2EA270E1BFCA428005538F8 /* Frameworks */,
				C2EA270F1BFCA428005538F8 /* Resources */,
			);
			buildRules = (
			);
			dependencies = (
				C2EA27131BFCA428005538F8 /* PBXTargetDependency */,
			);
			name = Weico_711118UITests;
			productName = Weico_711118UITests;
			productReference = C2EA27111BFCA428005538F8 /* Weico_711118UITests.xctest */;
			productType = "com.apple.product-type.bundle.ui-testing";
		};
/* End PBXNativeTarget section */

/* Begin PBXProject section */
		C2EA26E21BFCA427005538F8 /* Project object */ = {
			isa = PBXProject;
			attributes = {
				LastUpgradeCheck = 0710;
				ORGANIZATIONNAME = triffe;
				TargetAttributes = {
					C2EA26E91BFCA427005538F8 = {
						CreatedOnToolsVersion = 7.1;
					};
					C2EA27051BFCA428005538F8 = {
						CreatedOnToolsVersion = 7.1;
						TestTargetID = C2EA26E91BFCA427005538F8;
					};
					C2EA27101BFCA428005538F8 = {
						CreatedOnToolsVersion = 7.1;
						TestTargetID = C2EA26E91BFCA427005538F8;
					};
				};
			};
			buildConfigurationList = C2EA26E51BFCA427005538F8 /* Build configuration list for PBXProject "Weico_711118" */;
			compatibilityVersion = "Xcode 3.2";
			developmentRegion = English;
			hasScannedForEncodings = 0;
			knownRegions = (
				en,
				Base,
			);
			mainGroup = C2EA26E11BFCA427005538F8;
			productRefGroup = C2EA26EB1BFCA428005538F8 /* Products */;
			projectDirPath = "";
			projectRoot = "";
			targets = (
				C2EA26E91BFCA427005538F8 /* Weico_711118 */,
				C2EA27051BFCA428005538F8 /* Weico_711118Tests */,
				C2EA27101BFCA428005538F8 /* Weico_711118UITests */,
			);
		};
/* End PBXProject section */

/* Begin PBXResourcesBuildPhase section */
		C2EA26E81BFCA427005538F8 /* Resources */ = {
			isa = PBXResourcesBuildPhase;
			buildActionMask = 2147483647;
			files = (
				C2EA27001BFCA428005538F8 /* LaunchScreen.storyboard in Resources */,
				C2EA26FD1BFCA428005538F8 /* Assets.xcassets in Resources */,
				C2EA26F81BFCA428005538F8 /* Main.storyboard in Resources */,
			);
			runOnlyForDeploymentPostprocessing = 0;
		};
		C2EA27041BFCA428005538F8 /* Resources */ = {
			isa = PBXResourcesBuildPhase;
			buildActionMask = 2147483647;
			files = (
			);
			runOnlyForDeploymentPostprocessing = 0;
		};
		C2EA270F1BFCA428005538F8 /* Resources */ = {
			isa = PBXResourcesBuildPhase;
			buildActionMask = 2147483647;
			files = (
			);
			runOnlyForDeploymentPostprocessing = 0;
		};
/* End PBXResourcesBuildPhase section */

/* Begin PBXSourcesBuildPhase section */
		C2EA26E61BFCA427005538F8 /* Sources */ = {
			isa = PBXSourcesBuildPhase;
			buildActionMask = 2147483647;
			files = (
				C2EA26F51BFCA428005538F8 /* ViewController.m in Sources */,
				C2EA26F21BFCA428005538F8 /* AppDelegate.m in Sources */,
				C2EA26FB1BFCA428005538F8 /* Weico_711118.xcdatamodeld in Sources */,
				C2EA26EF1BFCA428005538F8 /* main.m in Sources */,
			);
			runOnlyForDeploymentPostprocessing = 0;
		};
		C2EA27021BFCA428005538F8 /* Sources */ = {
			isa = PBXSourcesBuildPhase;
			buildActionMask = 2147483647;
			files = (
				C2EA270B1BFCA428005538F8 /* Weico_711118Tests.m in Sources */,
			);
			runOnlyForDeploymentPostprocessing = 0;
		};
		C2EA270D1BFCA428005538F8 /* Sources */ = {
			isa = PBXSourcesBuildPhase;
			buildActionMask = 2147483647;
			files = (
				C2EA27161BFCA428005538F8 /* Weico_711118UITests.m in Sources */,
			);
			runOnlyForDeploymentPostprocessing = 0;
		};
/* End PBXSourcesBuildPhase section */

/* Begin PBXTargetDependency section */
		C2EA27081BFCA428005538F8 /* PBXTargetDependency */ = {
			isa = PBXTargetDependency;
			target = C2EA26E91BFCA427005538F8 /* Weico_711118 */;
			targetProxy = C2EA27071BFCA428005538F8 /* PBXContainerItemProxy */;
		};
		C2EA27131BFCA428005538F8 /* PBXTargetDependency */ = {
			isa = PBXTargetDependency;
			target = C2EA26E91BFCA427005538F8 /* Weico_711118 */;
			targetProxy = C2EA27121BFCA428005538F8 /* PBXContainerItemProxy */;
		};
/* End PBXTargetDependency section */

/* Begin PBXVariantGroup section */
		C2EA26F61BFCA428005538F8 /* Main.storyboard */ = {
			isa = PBXVariantGroup;
			children = (
				C2EA26F71BFCA428005538F8 /* Base */,
			);
			name = Main.storyboard;
			sourceTree = "<group>";
		};
		C2EA26FE1BFCA428005538F8 /* LaunchScreen.storyboard */ = {
			isa = PBXVariantGroup;
			children = (
				C2EA26FF1BFCA428005538F8 /* Base */,
			);
			name = LaunchScreen.storyboard;
			sourceTree = "<group>";
		};
/* End PBXVariantGroup section */

/* Begin XCBuildConfiguration section */
		C2EA27181BFCA428005538F8 /* Debug */ = {
			isa = XCBuildConfiguration;
			buildSettings = {
				ALWAYS_SEARCH_USER_PATHS = NO;
				CLANG_CXX_LANGUAGE_STANDARD = "gnu++0x";
				CLANG_CXX_LIBRARY = "libc++";
				CLANG_ENABLE_MODULES = YES;
				CLANG_ENABLE_OBJC_ARC = YES;
				CLANG_WARN_BOOL_CONVERSION = YES;
				CLANG_WARN_CONSTANT_CONVERSION = YES;
				CLANG_WARN_DIRECT_OBJC_ISA_USAGE = YES_ERROR;
				CLANG_WARN_EMPTY_BODY = YES;
				CLANG_WARN_ENUM_CONVERSION = YES;
				CLANG_WARN_INT_CONVERSION = YES;
				CLANG_WARN_OBJC_ROOT_CLASS = YES_ERROR;
				CLANG_WARN_UNREACHABLE_CODE = YES;
				CLANG_WARN__DUPLICATE_METHOD_MATCH = YES;
				"CODE_SIGN_IDENTITY[sdk=iphoneos*]" = "iPhone Developer";
				COPY_PHASE_STRIP = NO;
				DEBUG_INFORMATION_FORMAT = dwarf;
				ENABLE_STRICT_OBJC_MSGSEND = YES;
				ENABLE_TESTABILITY = YES;
				GCC_C_LANGUAGE_STANDARD = gnu99;
				GCC_DYNAMIC_NO_PIC = NO;
				GCC_NO_COMMON_BLOCKS = YES;
				GCC_OPTIMIZATION_LEVEL = 0;
				GCC_PREPROCESSOR_DEFINITIONS = (
					"DEBUG=1",
					"$(inherited)",
				);
				GCC_WARN_64_TO_32_BIT_CONVERSION = YES;
				GCC_WARN_ABOUT_RETURN_TYPE = YES_ERROR;
				GCC_WARN_UNDECLARED_SELECTOR = YES;
				GCC_WARN_UNINITIALIZED_AUTOS = YES_AGGRESSIVE;
				GCC_WARN_UNUSED_FUNCTION = YES;
				GCC_WARN_UNUSED_VARIABLE = YES;
				IPHONEOS_DEPLOYMENT_TARGET = 9.1;
				MTL_ENABLE_DEBUG_INFO = YES;
				ONLY_ACTIVE_ARCH = YES;
				SDKROOT = iphoneos;
			};
			name = Debug;
		};
		C2EA27191BFCA428005538F8 /* Release */ = {
			isa = XCBuildConfiguration;
			buildSettings = {
				ALWAYS_SEARCH_USER_PATHS = NO;
				CLANG_CXX_LANGUAGE_STANDARD = "gnu++0x";
				CLANG_CXX_LIBRARY = "libc++";
				CLANG_ENABLE_MODULES = YES;
				CLANG_ENABLE_OBJC_ARC = YES;
				CLANG_WARN_BOOL_CONVERSION = YES;
				CLANG_WARN_CONSTANT_CONVERSION = YES;
				CLANG_WARN_DIRECT_OBJC_ISA_USAGE = YES_ERROR;
				CLANG_WARN_EMPTY_BODY = YES;
				CLANG_WARN_ENUM_CONVERSION = YES;
				CLANG_WARN_INT_CONVERSION = YES;
				CLANG_WARN_OBJC_ROOT_CLASS = YES_ERROR;
				CLANG_WARN_UNREACHABLE_CODE = YES;
				CLANG_WARN__DUPLICATE_METHOD_MATCH = YES;
				"CODE_SIGN_IDENTITY[sdk=iphoneos*]" = "iPhone Developer";
				COPY_PHASE_STRIP = NO;
				DEBUG_INFORMATION_FORMAT = "dwarf-with-dsym";
				ENABLE_NS_ASSERTIONS = NO;
				ENABLE_STRICT_OBJC_MSGSEND = YES;
				GCC_C_LANGUAGE_STANDARD = gnu99;
				GCC_NO_COMMON_BLOCKS = YES;
				GCC_WARN_64_TO_32_BIT_CONVERSION = YES;
				GCC_WARN_ABOUT_RETURN_TYPE = YES_ERROR;
				GCC_WARN_UNDECLARED_SELECTOR = YES;
				GCC_WARN_UNINITIALIZED_AUTOS = YES_AGGRESSIVE;
				GCC_WARN_UNUSED_FUNCTION = YES;
				GCC_WARN_UNUSED_VARIABLE = YES;
				IPHONEOS_DEPLOYMENT_TARGET = 9.1;
				MTL_ENABLE_DEBUG_INFO = NO;
				SDKROOT = iphoneos;
				VALIDATE_PRODUCT = YES;
			};
			name = Release;
		};
		C2EA271B1BFCA428005538F8 /* Debug */ = {
			isa = XCBuildConfiguration;
			buildSettings = {
				ASSETCATALOG_COMPILER_APPICON_NAME = AppIcon;
				INFOPLIST_FILE = Weico_711118/Info.plist;
				LD_RUNPATH_SEARCH_PATHS = "$(inherited) @executable_path/Frameworks";
				PRODUCT_BUNDLE_IDENTIFIER = "com.triffe.Weico-711118";
				PRODUCT_NAME = "$(TARGET_NAME)";
			};
			name = Debug;
		};
		C2EA271C1BFCA428005538F8 /* Release */ = {
			isa = XCBuildConfiguration;
			buildSettings = {
				ASSETCATALOG_COMPILER_APPICON_NAME = AppIcon;
				INFOPLIST_FILE = Weico_711118/Info.plist;
				LD_RUNPATH_SEARCH_PATHS = "$(inherited) @executable_path/Frameworks";
				PRODUCT_BUNDLE_IDENTIFIER = "com.triffe.Weico-711118";
				PRODUCT_NAME = "$(TARGET_NAME)";
			};
			name = Release;
		};
		C2EA271E1BFCA428005538F8 /* Debug */ = {
			isa = XCBuildConfiguration;
			buildSettings = {
				BUNDLE_LOADER = "$(TEST_HOST)";
				INFOPLIST_FILE = Weico_711118Tests/Info.plist;
				LD_RUNPATH_SEARCH_PATHS = "$(inherited) @executable_path/Frameworks @loader_path/Frameworks";
				PRODUCT_BUNDLE_IDENTIFIER = "com.triffe.Weico-711118Tests";
				PRODUCT_NAME = "$(TARGET_NAME)";
				TEST_HOST = "$(BUILT_PRODUCTS_DIR)/Weico_711118.app/Weico_711118";
			};
			name = Debug;
		};
		C2EA271F1BFCA428005538F8 /* Release */ = {
			isa = XCBuildConfiguration;
			buildSettings = {
				BUNDLE_LOADER = "$(TEST_HOST)";
				INFOPLIST_FILE = Weico_711118Tests/Info.plist;
				LD_RUNPATH_SEARCH_PATHS = "$(inherited) @executable_path/Frameworks @loader_path/Frameworks";
				PRODUCT_BUNDLE_IDENTIFIER = "com.triffe.Weico-711118Tests";
				PRODUCT_NAME = "$(TARGET_NAME)";
				TEST_HOST = "$(BUILT_PRODUCTS_DIR)/Weico_711118.app/Weico_711118";
			};
			name = Release;
		};
		C2EA27211BFCA428005538F8 /* Debug */ = {
			isa = XCBuildConfiguration;
			buildSettings = {
				INFOPLIST_FILE = Weico_711118UITests/Info.plist;
				LD_RUNPATH_SEARCH_PATHS = "$(inherited) @executable_path/Frameworks @loader_path/Frameworks";
				PRODUCT_BUNDLE_IDENTIFIER = "com.triffe.Weico-711118UITests";
				PRODUCT_NAME = "$(TARGET_NAME)";
				TEST_TARGET_NAME = Weico_711118;
				USES_XCTRUNNER = YES;
			};
			name = Debug;
		};
		C2EA27221BFCA428005538F8 /* Release */ = {
			isa = XCBuildConfiguration;
			buildSettings = {
				INFOPLIST_FILE = Weico_711118UITests/Info.plist;
				LD_RUNPATH_SEARCH_PATHS = "$(inherited) @executable_path/Frameworks @loader_path/Frameworks";
				PRODUCT_BUNDLE_IDENTIFIER = "com.triffe.Weico-711118UITests";
				PRODUCT_NAME = "$(TARGET_NAME)";
				TEST_TARGET_NAME = Weico_711118;
				USES_XCTRUNNER = YES;
			};
			name = Release;
		};
/* End XCBuildConfiguration section */

/* Begin XCConfigurationList section */
		C2EA26E51BFCA427005538F8 /* Build configuration list for PBXProject "Weico_711118" */ = {
			isa = XCConfigurationList;
			buildConfigurations = (
				C2EA27181BFCA428005538F8 /* Debug */,
				C2EA27191BFCA428005538F8 /* Release */,
			);
			defaultConfigurationIsVisible = 0;
			defaultConfigurationName = Release;
		};
		C2EA271A1BFCA428005538F8 /* Build configuration list for PBXNativeTarget "Weico_711118" */ = {
			isa = XCConfigurationList;
			buildConfigurations = (
				C2EA271B1BFCA428005538F8 /* Debug */,
				C2EA271C1BFCA428005538F8 /* Release */,
			);
			defaultConfigurationIsVisible = 0;
		};
		C2EA271D1BFCA428005538F8 /* Build configuration list for PBXNativeTarget "Weico_711118Tests" */ = {
			isa = XCConfigurationList;
			buildConfigurations = (
				C2EA271E1BFCA428005538F8 /* Debug */,
				C2EA271F1BFCA428005538F8 /* Release */,
			);
			defaultConfigurationIsVisible = 0;
		};
		C2EA27201BFCA428005538F8 /* Build configuration list for PBXNativeTarget "Weico_711118UITests" */ = {
			isa = XCConfigurationList;
			buildConfigurations = (
				C2EA27211BFCA428005538F8 /* Debug */,
				C2EA27221BFCA428005538F8 /* Release */,
			);
			defaultConfigurationIsVisible = 0;
		};
/* End XCConfigurationList section */

/* Begin XCVersionGroup section */
		C2EA26F91BFCA428005538F8 /* Weico_711118.xcdatamodeld */ = {
			isa = XCVersionGroup;
			children = (
				C2EA26FA1BFCA428005538F8 /* Weico_711118.xcdatamodel */,
			);
			currentVersion = C2EA26FA1BFCA428005538F8 /* Weico_711118.xcdatamodel */;
			path = Weico_711118.xcdatamodeld;
			sourceTree = "<group>";
			versionGroupType = wrapper.xcdatamodel;
		};
/* End XCVersionGroup section */
	};
	rootObject = C2EA26E21BFCA427005538F8 /* Project object */;
}
