// !$*UTF8*$!
{
	archiveVersion = 1;
	classes = {
	};
	objectVersion = 46;
	objects = {

/* Begin PBXBuildFile section */
		C2EA27311BFCA55D005538F8 /* main.m in Sources */ = {isa = PBXBuildFile; fileRef = C2EA27301BFCA55D005538F8 /* main.m */; };
		C2EA27341BFCA55D005538F8 /* AppDelegate.m in Sources */ = {isa = PBXBuildFile; fileRef = C2EA27331BFCA55D005538F8 /* AppDelegate.m */; };
		C2EA27371BFCA55D005538F8 /* GameScene.m in Sources */ = {isa = PBXBuildFile; fileRef = C2EA27361BFCA55D005538F8 /* GameScene.m */; };
		C2EA27391BFCA55D005538F8 /* GameScene.sks in Resources */ = {isa = PBXBuildFile; fileRef = C2EA27381BFCA55D005538F8 /* GameScene.sks */; };
		C2EA273C1BFCA55D005538F8 /* GameViewController.m in Sources */ = {isa = PBXBuildFile; fileRef = C2EA273B1BFCA55D005538F8 /* GameViewController.m */; };
		C2EA273F1BFCA55D005538F8 /* Main.storyboard in Resources */ = {isa = PBXBuildFile; fileRef = C2EA273D1BFCA55D005538F8 /* Main.storyboard */; };
		C2EA27411BFCA55D005538F8 /* Assets.xcassets in Resources */ = {isa = PBXBuildFile; fileRef = C2EA27401BFCA55D005538F8 /* Assets.xcassets */; };
		C2EA27441BFCA55D005538F8 /* LaunchScreen.storyboard in Resources */ = {isa = PBXBuildFile; fileRef = C2EA27421BFCA55D005538F8 /* LaunchScreen.storyboard */; };
		C2EA274F1BFCA55D005538F8 /* TextShooter_711118Tests.m in Sources */ = {isa = PBXBuildFile; fileRef = C2EA274E1BFCA55D005538F8 /* TextShooter_711118Tests.m */; };
		C2EA275A1BFCA55D005538F8 /* TextShooter_711118UITests.m in Sources */ = {isa = PBXBuildFile; fileRef = C2EA27591BFCA55D005538F8 /* TextShooter_711118UITests.m */; };
		C2EA27691BFCAF7C005538F8 /* PlayerNode.m in Sources */ = {isa = PBXBuildFile; fileRef = C2EA27681BFCAF7C005538F8 /* PlayerNode.m */; };
/* End PBXBuildFile section */

/* Begin PBXContainerItemProxy section */
		C2EA274B1BFCA55D005538F8 /* PBXContainerItemProxy */ = {
			isa = PBXContainerItemProxy;
			containerPortal = C2EA27241BFCA55D005538F8 /* Project object */;
			proxyType = 1;
			remoteGlobalIDString = C2EA272B1BFCA55D005538F8;
			remoteInfo = TextShooter_711118;
		};
		C2EA27561BFCA55D005538F8 /* PBXContainerItemProxy */ = {
			isa = PBXContainerItemProxy;
			containerPortal = C2EA27241BFCA55D005538F8 /* Project object */;
			proxyType = 1;
			remoteGlobalIDString = C2EA272B1BFCA55D005538F8;
			remoteInfo = TextShooter_711118;
		};
/* End PBXContainerItemProxy section */

/* Begin PBXFileReference section */
		C2EA272C1BFCA55D005538F8 /* TextShooter_711118.app */ = {isa = PBXFileReference; explicitFileType = wrapper.application; includeInIndex = 0; path = TextShooter_711118.app; sourceTree = BUILT_PRODUCTS_DIR; };
		C2EA27301BFCA55D005538F8 /* main.m */ = {isa = PBXFileReference; lastKnownFileType = sourcecode.c.objc; path = main.m; sourceTree = "<group>"; };
		C2EA27321BFCA55D005538F8 /* AppDelegate.h */ = {isa = PBXFileReference; lastKnownFileType = sourcecode.c.h; path = AppDelegate.h; sourceTree = "<group>"; };
		C2EA27331BFCA55D005538F8 /* AppDelegate.m */ = {isa = PBXFileReference; lastKnownFileType = sourcecode.c.objc; path = AppDelegate.m; sourceTree = "<group>"; };
		C2EA27351BFCA55D005538F8 /* GameScene.h */ = {isa = PBXFileReference; lastKnownFileType = sourcecode.c.h; path = GameScene.h; sourceTree = "<group>"; };
		C2EA27361BFCA55D005538F8 /* GameScene.m */ = {isa = PBXFileReference; lastKnownFileType = sourcecode.c.objc; path = GameScene.m; sourceTree = "<group>"; };
		C2EA27381BFCA55D005538F8 /* GameScene.sks */ = {isa = PBXFileReference; lastKnownFileType = file.sks; path = GameScene.sks; sourceTree = "<group>"; };
		C2EA273A1BFCA55D005538F8 /* GameViewController.h */ = {isa = PBXFileReference; lastKnownFileType = sourcecode.c.h; path = GameViewController.h; sourceTree = "<group>"; };
		C2EA273B1BFCA55D005538F8 /* GameViewController.m */ = {isa = PBXFileReference; lastKnownFileType = sourcecode.c.objc; path = GameViewController.m; sourceTree = "<group>"; };
		C2EA273E1BFCA55D005538F8 /* Base */ = {isa = PBXFileReference; lastKnownFileType = file.storyboard; name = Base; path = Base.lproj/Main.storyboard; sourceTree = "<group>"; };
		C2EA27401BFCA55D005538F8 /* Assets.xcassets */ = {isa = PBXFileReference; lastKnownFileType = folder.assetcatalog; path = Assets.xcassets; sourceTree = "<group>"; };
		C2EA27431BFCA55D005538F8 /* Base */ = {isa = PBXFileReference; lastKnownFileType = file.storyboard; name = Base; path = Base.lproj/LaunchScreen.storyboard; sourceTree = "<group>"; };
		C2EA27451BFCA55D005538F8 /* Info.plist */ = {isa = PBXFileReference; lastKnownFileType = text.plist.xml; path = Info.plist; sourceTree = "<group>"; };
		C2EA274A1BFCA55D005538F8 /* TextShooter_711118Tests.xctest */ = {isa = PBXFileReference; explicitFileType = wrapper.cfbundle; includeInIndex = 0; path = TextShooter_711118Tests.xctest; sourceTree = BUILT_PRODUCTS_DIR; };
		C2EA274E1BFCA55D005538F8 /* TextShooter_711118Tests.m */ = {isa = PBXFileReference; lastKnownFileType = sourcecode.c.objc; path = TextShooter_711118Tests.m; sourceTree = "<group>"; };
		C2EA27501BFCA55D005538F8 /* Info.plist */ = {isa = PBXFileReference; lastKnownFileType = text.plist.xml; path = Info.plist; sourceTree = "<group>"; };
		C2EA27551BFCA55D005538F8 /* TextShooter_711118UITests.xctest */ = {isa = PBXFileReference; explicitFileType = wrapper.cfbundle; includeInIndex = 0; path = TextShooter_711118UITests.xctest; sourceTree = BUILT_PRODUCTS_DIR; };
		C2EA27591BFCA55D005538F8 /* TextShooter_711118UITests.m */ = {isa = PBXFileReference; lastKnownFileType = sourcecode.c.objc; path = TextShooter_711118UITests.m; sourceTree = "<group>"; };
		C2EA275B1BFCA55E005538F8 /* Info.plist */ = {isa = PBXFileReference; lastKnownFileType = text.plist.xml; path = Info.plist; sourceTree = "<group>"; };
		C2EA27671BFCAF7C005538F8 /* PlayerNode.h */ = {isa = PBXFileReference; fileEncoding = 4; lastKnownFileType = sourcecode.c.h; path = PlayerNode.h; sourceTree = "<group>"; };
		C2EA27681BFCAF7C005538F8 /* PlayerNode.m */ = {isa = PBXFileReference; fileEncoding = 4; lastKnownFileType = sourcecode.c.objc; path = PlayerNode.m; sourceTree = "<group>"; };
/* End PBXFileReference section */

/* Begin PBXFrameworksBuildPhase section */
		C2EA27291BFCA55D005538F8 /* Frameworks */ = {
			isa = PBXFrameworksBuildPhase;
			buildActionMask = 2147483647;
			files = (
			);
			runOnlyForDeploymentPostprocessing = 0;
		};
		C2EA27471BFCA55D005538F8 /* Frameworks */ = {
			isa = PBXFrameworksBuildPhase;
			buildActionMask = 2147483647;
			files = (
			);
			runOnlyForDeploymentPostprocessing = 0;
		};
		C2EA27521BFCA55D005538F8 /* Frameworks */ = {
			isa = PBXFrameworksBuildPhase;
			buildActionMask = 2147483647;
			files = (
			);
			runOnlyForDeploymentPostprocessing = 0;
		};
/* End PBXFrameworksBuildPhase section */

/* Begin PBXGroup section */
		C2EA27231BFCA55D005538F8 = {
			isa = PBXGroup;
			children = (
				C2EA272E1BFCA55D005538F8 /* TextShooter_711118 */,
				C2EA274D1BFCA55D005538F8 /* TextShooter_711118Tests */,
				C2EA27581BFCA55D005538F8 /* TextShooter_711118UITests */,
				C2EA272D1BFCA55D005538F8 /* Products */,
			);
			sourceTree = "<group>";
		};
		C2EA272D1BFCA55D005538F8 /* Products */ = {
			isa = PBXGroup;
			children = (
				C2EA272C1BFCA55D005538F8 /* TextShooter_711118.app */,
				C2EA274A1BFCA55D005538F8 /* TextShooter_711118Tests.xctest */,
				C2EA27551BFCA55D005538F8 /* TextShooter_711118UITests.xctest */,
			);
			name = Products;
			sourceTree = "<group>";
		};
		C2EA272E1BFCA55D005538F8 /* TextShooter_711118 */ = {
			isa = PBXGroup;
			children = (
				C2EA27321BFCA55D005538F8 /* AppDelegate.h */,
				C2EA27331BFCA55D005538F8 /* AppDelegate.m */,
				C2EA27351BFCA55D005538F8 /* GameScene.h */,
				C2EA27361BFCA55D005538F8 /* GameScene.m */,
				C2EA27381BFCA55D005538F8 /* GameScene.sks */,
				C2EA273A1BFCA55D005538F8 /* GameViewController.h */,
				C2EA273B1BFCA55D005538F8 /* GameViewController.m */,
				C2EA273D1BFCA55D005538F8 /* Main.storyboard */,
				C2EA27401BFCA55D005538F8 /* Assets.xcassets */,
				C2EA27421BFCA55D005538F8 /* LaunchScreen.storyboard */,
				C2EA27451BFCA55D005538F8 /* Info.plist */,
				C2EA272F1BFCA55D005538F8 /* Supporting Files */,
				C2EA27671BFCAF7C005538F8 /* PlayerNode.h */,
				C2EA27681BFCAF7C005538F8 /* PlayerNode.m */,
			);
			path = TextShooter_711118;
			sourceTree = "<group>";
		};
		C2EA272F1BFCA55D005538F8 /* Supporting Files */ = {
			isa = PBXGroup;
			children = (
				C2EA27301BFCA55D005538F8 /* main.m */,
			);
			name = "Supporting Files";
			sourceTree = "<group>";
		};
		C2EA274D1BFCA55D005538F8 /* TextShooter_711118Tests */ = {
			isa = PBXGroup;
			children = (
				C2EA274E1BFCA55D005538F8 /* TextShooter_711118Tests.m */,
				C2EA27501BFCA55D005538F8 /* Info.plist */,
			);
			path = TextShooter_711118Tests;
			sourceTree = "<group>";
		};
		C2EA27581BFCA55D005538F8 /* TextShooter_711118UITests */ = {
			isa = PBXGroup;
			children = (
				C2EA27591BFCA55D005538F8 /* TextShooter_711118UITests.m */,
				C2EA275B1BFCA55E005538F8 /* Info.plist */,
			);
			path = TextShooter_711118UITests;
			sourceTree = "<group>";
		};
/* End PBXGroup section */

/* Begin PBXNativeTarget section */
		C2EA272B1BFCA55D005538F8 /* TextShooter_711118 */ = {
			isa = PBXNativeTarget;
			buildConfigurationList = C2EA275E1BFCA55E005538F8 /* Build configuration list for PBXNativeTarget "TextShooter_711118" */;
			buildPhases = (
				C2EA27281BFCA55D005538F8 /* Sources */,
				C2EA27291BFCA55D005538F8 /* Frameworks */,
				C2EA272A1BFCA55D005538F8 /* Resources */,
			);
			buildRules = (
			);
			dependencies = (
			);
			name = TextShooter_711118;
			productName = TextShooter_711118;
			productReference = C2EA272C1BFCA55D005538F8 /* TextShooter_711118.app */;
			productType = "com.apple.product-type.application";
		};
		C2EA27491BFCA55D005538F8 /* TextShooter_711118Tests */ = {
			isa = PBXNativeTarget;
			buildConfigurationList = C2EA27611BFCA55E005538F8 /* Build configuration list for PBXNativeTarget "TextShooter_711118Tests" */;
			buildPhases = (
				C2EA27461BFCA55D005538F8 /* Sources */,
				C2EA27471BFCA55D005538F8 /* Frameworks */,
				C2EA27481BFCA55D005538F8 /* Resources */,
			);
			buildRules = (
			);
			dependencies = (
				C2EA274C1BFCA55D005538F8 /* PBXTargetDependency */,
			);
			name = TextShooter_711118Tests;
			productName = TextShooter_711118Tests;
			productReference = C2EA274A1BFCA55D005538F8 /* TextShooter_711118Tests.xctest */;
			productType = "com.apple.product-type.bundle.unit-test";
		};
		C2EA27541BFCA55D005538F8 /* TextShooter_711118UITests */ = {
			isa = PBXNativeTarget;
			buildConfigurationList = C2EA27641BFCA55E005538F8 /* Build configuration list for PBXNativeTarget "TextShooter_711118UITests" */;
			buildPhases = (
				C2EA27511BFCA55D005538F8 /* Sources */,
				C2EA27521BFCA55D005538F8 /* Frameworks */,
				C2EA27531BFCA55D005538F8 /* Resources */,
			);
			buildRules = (
			);
			dependencies = (
				C2EA27571BFCA55D005538F8 /* PBXTargetDependency */,
			);
			name = TextShooter_711118UITests;
			productName = TextShooter_711118UITests;
			productReference = C2EA27551BFCA55D005538F8 /* TextShooter_711118UITests.xctest */;
			productType = "com.apple.product-type.bundle.ui-testing";
		};
/* End PBXNativeTarget section */

/* Begin PBXProject section */
		C2EA27241BFCA55D005538F8 /* Project object */ = {
			isa = PBXProject;
			attributes = {
				LastUpgradeCheck = 0710;
				ORGANIZATIONNAME = triffe;
				TargetAttributes = {
					C2EA272B1BFCA55D005538F8 = {
						CreatedOnToolsVersion = 7.1;
					};
					C2EA27491BFCA55D005538F8 = {
						CreatedOnToolsVersion = 7.1;
						TestTargetID = C2EA272B1BFCA55D005538F8;
					};
					C2EA27541BFCA55D005538F8 = {
						CreatedOnToolsVersion = 7.1;
						TestTargetID = C2EA272B1BFCA55D005538F8;
					};
				};
			};
			buildConfigurationList = C2EA27271BFCA55D005538F8 /* Build configuration list for PBXProject "TextShooter_711118" */;
			compatibilityVersion = "Xcode 3.2";
			developmentRegion = English;
			hasScannedForEncodings = 0;
			knownRegions = (
				en,
				Base,
			);
			mainGroup = C2EA27231BFCA55D005538F8;
			productRefGroup = C2EA272D1BFCA55D005538F8 /* Products */;
			projectDirPath = "";
			projectRoot = "";
			targets = (
				C2EA272B1BFCA55D005538F8 /* TextShooter_711118 */,
				C2EA27491BFCA55D005538F8 /* TextShooter_711118Tests */,
				C2EA27541BFCA55D005538F8 /* TextShooter_711118UITests */,
			);
		};
/* End PBXProject section */

/* Begin PBXResourcesBuildPhase section */
		C2EA272A1BFCA55D005538F8 /* Resources */ = {
			isa = PBXResourcesBuildPhase;
			buildActionMask = 2147483647;
			files = (
				C2EA27391BFCA55D005538F8 /* GameScene.sks in Resources */,
				C2EA27441BFCA55D005538F8 /* LaunchScreen.storyboard in Resources */,
				C2EA27411BFCA55D005538F8 /* Assets.xcassets in Resources */,
				C2EA273F1BFCA55D005538F8 /* Main.storyboard in Resources */,
			);
			runOnlyForDeploymentPostprocessing = 0;
		};
		C2EA27481BFCA55D005538F8 /* Resources */ = {
			isa = PBXResourcesBuildPhase;
			buildActionMask = 2147483647;
			files = (
			);
			runOnlyForDeploymentPostprocessing = 0;
		};
		C2EA27531BFCA55D005538F8 /* Resources */ = {
			isa = PBXResourcesBuildPhase;
			buildActionMask = 2147483647;
			files = (
			);
			runOnlyForDeploymentPostprocessing = 0;
		};
/* End PBXResourcesBuildPhase section */

/* Begin PBXSourcesBuildPhase section */
		C2EA27281BFCA55D005538F8 /* Sources */ = {
			isa = PBXSourcesBuildPhase;
			buildActionMask = 2147483647;
			files = (
				C2EA273C1BFCA55D005538F8 /* GameViewController.m in Sources */,
				C2EA27341BFCA55D005538F8 /* AppDelegate.m in Sources */,
				C2EA27371BFCA55D005538F8 /* GameScene.m in Sources */,
				C2EA27311BFCA55D005538F8 /* main.m in Sources */,
				C2EA27691BFCAF7C005538F8 /* PlayerNode.m in Sources */,
			);
			runOnlyForDeploymentPostprocessing = 0;
		};
		C2EA27461BFCA55D005538F8 /* Sources */ = {
			isa = PBXSourcesBuildPhase;
			buildActionMask = 2147483647;
			files = (
				C2EA274F1BFCA55D005538F8 /* TextShooter_711118Tests.m in Sources */,
			);
			runOnlyForDeploymentPostprocessing = 0;
		};
		C2EA27511BFCA55D005538F8 /* Sources */ = {
			isa = PBXSourcesBuildPhase;
			buildActionMask = 2147483647;
			files = (
				C2EA275A1BFCA55D005538F8 /* TextShooter_711118UITests.m in Sources */,
			);
			runOnlyForDeploymentPostprocessing = 0;
		};
/* End PBXSourcesBuildPhase section */

/* Begin PBXTargetDependency section */
		C2EA274C1BFCA55D005538F8 /* PBXTargetDependency */ = {
			isa = PBXTargetDependency;
			target = C2EA272B1BFCA55D005538F8 /* TextShooter_711118 */;
			targetProxy = C2EA274B1BFCA55D005538F8 /* PBXContainerItemProxy */;
		};
		C2EA27571BFCA55D005538F8 /* PBXTargetDependency */ = {
			isa = PBXTargetDependency;
			target = C2EA272B1BFCA55D005538F8 /* TextShooter_711118 */;
			targetProxy = C2EA27561BFCA55D005538F8 /* PBXContainerItemProxy */;
		};
/* End PBXTargetDependency section */

/* Begin PBXVariantGroup section */
		C2EA273D1BFCA55D005538F8 /* Main.storyboard */ = {
			isa = PBXVariantGroup;
			children = (
				C2EA273E1BFCA55D005538F8 /* Base */,
			);
			name = Main.storyboard;
			sourceTree = "<group>";
		};
		C2EA27421BFCA55D005538F8 /* LaunchScreen.storyboard */ = {
			isa = PBXVariantGroup;
			children = (
				C2EA27431BFCA55D005538F8 /* Base */,
			);
			name = LaunchScreen.storyboard;
			sourceTree = "<group>";
		};
/* End PBXVariantGroup section */

/* Begin XCBuildConfiguration section */
		C2EA275C1BFCA55E005538F8 /* Debug */ = {
			isa = XCBuildConfiguration;
			buildSettings = {
				ALWAYS_SEARCH_USER_PATHS = NO;
				CLANG_CXX_LANGUAGE_STANDARD = "gnu++0x";
				CLANG_CXX_LIBRARY = "libc++";
				CLANG_ENABLE_MODULES = YES;
				CLANG_ENABLE_OBJC_ARC = YES;
				CLANG_WARN_BOOL_CONVERSION = YES;
				CLANG_WARN_CONSTANT_CONVERSION = YES;
				CLANG_WARN_DIRECT_OBJC_ISA_USAGE = YES_ERROR;
				CLANG_WARN_EMPTY_BODY = YES;
				CLANG_WARN_ENUM_CONVERSION = YES;
				CLANG_WARN_INT_CONVERSION = YES;
				CLANG_WARN_OBJC_ROOT_CLASS = YES_ERROR;
				CLANG_WARN_UNREACHABLE_CODE = YES;
				CLANG_WARN__DUPLICATE_METHOD_MATCH = YES;
				"CODE_SIGN_IDENTITY[sdk=iphoneos*]" = "iPhone Developer";
				COPY_PHASE_STRIP = NO;
				DEBUG_INFORMATION_FORMAT = "dwarf-with-dsym";
				ENABLE_STRICT_OBJC_MSGSEND = YES;
				ENABLE_TESTABILITY = YES;
				GCC_C_LANGUAGE_STANDARD = gnu99;
				GCC_DYNAMIC_NO_PIC = NO;
				GCC_NO_COMMON_BLOCKS = YES;
				GCC_OPTIMIZATION_LEVEL = 0;
				GCC_PREPROCESSOR_DEFINITIONS = (
					"DEBUG=1",
					"$(inherited)",
				);
				GCC_WARN_64_TO_32_BIT_CONVERSION = YES;
				GCC_WARN_ABOUT_RETURN_TYPE = YES_ERROR;
				GCC_WARN_UNDECLARED_SELECTOR = YES;
				GCC_WARN_UNINITIALIZED_AUTOS = YES_AGGRESSIVE;
				GCC_WARN_UNUSED_FUNCTION = YES;
				GCC_WARN_UNUSED_VARIABLE = YES;
				IPHONEOS_DEPLOYMENT_TARGET = 9.1;
				MTL_ENABLE_DEBUG_INFO = YES;
				ONLY_ACTIVE_ARCH = YES;
				SDKROOT = iphoneos;
			};
			name = Debug;
		};
		C2EA275D1BFCA55E005538F8 /* Release */ = {
			isa = XCBuildConfiguration;
			buildSettings = {
				ALWAYS_SEARCH_USER_PATHS = NO;
				CLANG_CXX_LANGUAGE_STANDARD = "gnu++0x";
				CLANG_CXX_LIBRARY = "libc++";
				CLANG_ENABLE_MODULES = YES;
				CLANG_ENABLE_OBJC_ARC = YES;
				CLANG_WARN_BOOL_CONVERSION = YES;
				CLANG_WARN_CONSTANT_CONVERSION = YES;
				CLANG_WARN_DIRECT_OBJC_ISA_USAGE = YES_ERROR;
				CLANG_WARN_EMPTY_BODY = YES;
				CLANG_WARN_ENUM_CONVERSION = YES;
				CLANG_WARN_INT_CONVERSION = YES;
				CLANG_WARN_OBJC_ROOT_CLASS = YES_ERROR;
				CLANG_WARN_UNREACHABLE_CODE = YES;
				CLANG_WARN__DUPLICATE_METHOD_MATCH = YES;
				"CODE_SIGN_IDENTITY[sdk=iphoneos*]" = "iPhone Developer";
				COPY_PHASE_STRIP = NO;
				DEBUG_INFORMATION_FORMAT = "dwarf-with-dsym";
				ENABLE_NS_ASSERTIONS = NO;
				ENABLE_STRICT_OBJC_MSGSEND = YES;
				GCC_C_LANGUAGE_STANDARD = gnu99;
				GCC_NO_COMMON_BLOCKS = YES;
				GCC_WARN_64_TO_32_BIT_CONVERSION = YES;
				GCC_WARN_ABOUT_RETURN_TYPE = YES_ERROR;
				GCC_WARN_UNDECLARED_SELECTOR = YES;
				GCC_WARN_UNINITIALIZED_AUTOS = YES_AGGRESSIVE;
				GCC_WARN_UNUSED_FUNCTION = YES;
				GCC_WARN_UNUSED_VARIABLE = YES;
				IPHONEOS_DEPLOYMENT_TARGET = 9.1;
				MTL_ENABLE_DEBUG_INFO = NO;
				SDKROOT = iphoneos;
				VALIDATE_PRODUCT = YES;
			};
			name = Release;
		};
		C2EA275F1BFCA55E005538F8 /* Debug */ = {
			isa = XCBuildConfiguration;
			buildSettings = {
				ASSETCATALOG_COMPILER_APPICON_NAME = AppIcon;
				INFOPLIST_FILE = TextShooter_711118/Info.plist;
				LD_RUNPATH_SEARCH_PATHS = "$(inherited) @executable_path/Frameworks";
				PRODUCT_BUNDLE_IDENTIFIER = "com.triffe.TextShooter-711118";
				PRODUCT_NAME = "$(TARGET_NAME)";
			};
			name = Debug;
		};
		C2EA27601BFCA55E005538F8 /* Release */ = {
			isa = XCBuildConfiguration;
			buildSettings = {
				ASSETCATALOG_COMPILER_APPICON_NAME = AppIcon;
				INFOPLIST_FILE = TextShooter_711118/Info.plist;
				LD_RUNPATH_SEARCH_PATHS = "$(inherited) @executable_path/Frameworks";
				PRODUCT_BUNDLE_IDENTIFIER = "com.triffe.TextShooter-711118";
				PRODUCT_NAME = "$(TARGET_NAME)";
			};
			name = Release;
		};
		C2EA27621BFCA55E005538F8 /* Debug */ = {
			isa = XCBuildConfiguration;
			buildSettings = {
				BUNDLE_LOADER = "$(TEST_HOST)";
				DEBUG_INFORMATION_FORMAT = dwarf;
				INFOPLIST_FILE = TextShooter_711118Tests/Info.plist;
				LD_RUNPATH_SEARCH_PATHS = "$(inherited) @executable_path/Frameworks @loader_path/Frameworks";
				PRODUCT_BUNDLE_IDENTIFIER = "com.triffe.TextShooter-711118Tests";
				PRODUCT_NAME = "$(TARGET_NAME)";
				TEST_HOST = "$(BUILT_PRODUCTS_DIR)/TextShooter_711118.app/TextShooter_711118";
			};
			name = Debug;
		};
		C2EA27631BFCA55E005538F8 /* Release */ = {
			isa = XCBuildConfiguration;
			buildSettings = {
				BUNDLE_LOADER = "$(TEST_HOST)";
				INFOPLIST_FILE = TextShooter_711118Tests/Info.plist;
				LD_RUNPATH_SEARCH_PATHS = "$(inherited) @executable_path/Frameworks @loader_path/Frameworks";
				PRODUCT_BUNDLE_IDENTIFIER = "com.triffe.TextShooter-711118Tests";
				PRODUCT_NAME = "$(TARGET_NAME)";
				TEST_HOST = "$(BUILT_PRODUCTS_DIR)/TextShooter_711118.app/TextShooter_711118";
			};
			name = Release;
		};
		C2EA27651BFCA55E005538F8 /* Debug */ = {
			isa = XCBuildConfiguration;
			buildSettings = {
				DEBUG_INFORMATION_FORMAT = dwarf;
				INFOPLIST_FILE = TextShooter_711118UITests/Info.plist;
				LD_RUNPATH_SEARCH_PATHS = "$(inherited) @executable_path/Frameworks @loader_path/Frameworks";
				PRODUCT_BUNDLE_IDENTIFIER = "com.triffe.TextShooter-711118UITests";
				PRODUCT_NAME = "$(TARGET_NAME)";
				TEST_TARGET_NAME = TextShooter_711118;
				USES_XCTRUNNER = YES;
			};
			name = Debug;
		};
		C2EA27661BFCA55E005538F8 /* Release */ = {
			isa = XCBuildConfiguration;
			buildSettings = {
				INFOPLIST_FILE = TextShooter_711118UITests/Info.plist;
				LD_RUNPATH_SEARCH_PATHS = "$(inherited) @executable_path/Frameworks @loader_path/Frameworks";
				PRODUCT_BUNDLE_IDENTIFIER = "com.triffe.TextShooter-711118UITests";
				PRODUCT_NAME = "$(TARGET_NAME)";
				TEST_TARGET_NAME = TextShooter_711118;
				USES_XCTRUNNER = YES;
			};
			name = Release;
		};
/* End XCBuildConfiguration section */

/* Begin XCConfigurationList section */
		C2EA27271BFCA55D005538F8 /* Build configuration list for PBXProject "TextShooter_711118" */ = {
			isa = XCConfigurationList;
			buildConfigurations = (
				C2EA275C1BFCA55E005538F8 /* Debug */,
				C2EA275D1BFCA55E005538F8 /* Release */,
			);
			defaultConfigurationIsVisible = 0;
			defaultConfigurationName = Release;
		};
		C2EA275E1BFCA55E005538F8 /* Build configuration list for PBXNativeTarget "TextShooter_711118" */ = {
			isa = XCConfigurationList;
			buildConfigurations = (
				C2EA275F1BFCA55E005538F8 /* Debug */,
				C2EA27601BFCA55E005538F8 /* Release */,
			);
			defaultConfigurationIsVisible = 0;
		};
		C2EA27611BFCA55E005538F8 /* Build configuration list for PBXNativeTarget "TextShooter_711118Tests" */ = {
			isa = XCConfigurationList;
			buildConfigurations = (
				C2EA27621BFCA55E005538F8 /* Debug */,
				C2EA27631BFCA55E005538F8 /* Release */,
			);
			defaultConfigurationIsVisible = 0;
		};
		C2EA27641BFCA55E005538F8 /* Build configuration list for PBXNativeTarget "TextShooter_711118UITests" */ = {
			isa = XCConfigurationList;
			buildConfigurations = (
				C2EA27651BFCA55E005538F8 /* Debug */,
				C2EA27661BFCA55E005538F8 /* Release */,
			);
			defaultConfigurationIsVisible = 0;
		};
/* End XCConfigurationList section */
	};
	rootObject = C2EA27241BFCA55D005538F8 /* Project object */;
}
